
Microsoft Visual Studio Solution File, Format Version 12.00
# Visual Studio Version 17
VisualStudioVersion = 17.5.002.0
MinimumVisualStudioVersion = 10.0.40219.1
Project("{9A19103F-16F7-4668-BE54-9A1E7A4F7556}") = "BethanysPieShopHRM", "BethanysPieShopHRM.csproj", "{CCF995F1-7F2F-4F3A-AEF6-6EAFFB653C7A}"
EndProject
Project("{FAE04EC0-301F-11D3-BF4B-00C04F79EFBC}") = "BethanysPieShopHRM.Tests", "BethanysPieShopHRM.Tests\BethanysPieShopHRM.Tests.csproj", "{72F558CA-A34A-42C5-BE13-34312E102247}"
EndProject
Global
	GlobalSection(SolutionConfigurationPlatforms) = preSolution
		Debug|Any CPU = Debug|Any CPU
		Release|Any CPU = Release|Any CPU
	EndGlobalSection
	GlobalSection(ProjectConfigurationPlatforms) = postSolution
		{CCF995F1-7F2F-4F3A-AEF6-6EAFFB653C7A}.Debug|Any CPU.ActiveCfg = Debug|Any CPU
		{CCF995F1-7F2F-4F3A-AEF6-6EAFFB653C7A}.Debug|Any CPU.Build.0 = Debug|Any CPU
		{CCF995F1-7F2F-4F3A-AEF6-6EAFFB653C7A}.Release|Any CPU.ActiveCfg = Release|Any CPU
		{CCF995F1-7F2F-4F3A-AEF6-6EAFFB653C7A}.Release|Any CPU.Build.0 = Release|Any CPU
		{72F558CA-A34A-42C5-BE13-34312E102247}.Debug|Any CPU.ActiveCfg = Debug|Any CPU
		{72F558CA-A34A-42C5-BE13-34312E102247}.Debug|Any CPU.Build.0 = Debug|Any CPU
		{72F558CA-A34A-42C5-BE13-34312E102247}.Release|Any CPU.ActiveCfg = Release|Any CPU
		{72F558CA-A34A-42C5-BE13-34312E102247}.Release|Any CPU.Build.0 = Release|Any CPU
	EndGlobalSection
	GlobalSection(SolutionProperties) = preSolution
		HideSolutionNode = FALSE
	EndGlobalSection
	GlobalSection(ExtensibilityGlobals) = postSolution
		SolutionGuid = {63830CA6-F094-47CA-8E07-D45260167440}
	EndGlobalSection
EndGlobal
